# Generated by buf. DO NOT EDIT.
version: v1
deps:
  - remote: buf.build
    owner: agynio
    repository: api
    commit: eb49ad04e04c4462bc2b55cf73ccbb2d
    digest: shake256:ffbbb8e96a41cad041a2ebaa6d1ceb3a1f6588d09c945e7647acefbaad938ae9edb1146ed03509ca3a931a7eb0537b6cefdfb2cee6d228cb0524dfb16898c6f6
